
Microsoft Visual Studio Solution File, Format Version 12.00
# Visual Studio Version 16
VisualStudioVersion = 16.0.30413.136
MinimumVisualStudioVersion = 10.0.40219.1
Project("{FAE04EC0-301F-11D3-BF4B-00C04F79EFBC}") = "OrderAPI", "OrderAPI\OrderAPI.csproj", "{712C12A1-27EF-4256-A216-DC879A7E13F0}"
EndProject
Project("{FAE04EC0-301F-11D3-BF4B-00C04F79EFBC}") = "DeliveryAPI", "DeliveryAPI\DeliveryAPI.csproj", "{9FA3684D-CB33-4867-94C5-11494685C54E}"
EndProject
Global
	GlobalSection(SolutionConfigurationPlatforms) = preSolution
		Debug|Any CPU = Debug|Any CPU
		Release|Any CPU = Release|Any CPU
	EndGlobalSection
	GlobalSection(ProjectConfigurationPlatforms) = postSolution
		{712C12A1-27EF-4256-A216-DC879A7E13F0}.Debug|Any CPU.ActiveCfg = Debug|Any CPU
		{712C12A1-27EF-4256-A216-DC879A7E13F0}.Debug|Any CPU.Build.0 = Debug|Any CPU
		{712C12A1-27EF-4256-A216-DC879A7E13F0}.Release|Any CPU.ActiveCfg = Release|Any CPU
		{712C12A1-27EF-4256-A216-DC879A7E13F0}.Release|Any CPU.Build.0 = Release|Any CPU
		{9FA3684D-CB33-4867-94C5-11494685C54E}.Debug|Any CPU.ActiveCfg = Debug|Any CPU
		{9FA3684D-CB33-4867-94C5-11494685C54E}.Debug|Any CPU.Build.0 = Debug|Any CPU
		{9FA3684D-CB33-4867-94C5-11494685C54E}.Release|Any CPU.ActiveCfg = Release|Any CPU
		{9FA3684D-CB33-4867-94C5-11494685C54E}.Release|Any CPU.Build.0 = Release|Any CPU
	EndGlobalSection
	GlobalSection(SolutionProperties) = preSolution
		HideSolutionNode = FALSE
	EndGlobalSection
	GlobalSection(ExtensibilityGlobals) = postSolution
		SolutionGuid = {EE6DEF56-7908-4926-A5CA-F2229BF428F2}
	EndGlobalSection
EndGlobal
